
Microsoft Visual Studio Solution File, Format Version 12.00
# Visual Studio Version 17
VisualStudioVersion = 17.3.32901.215
MinimumVisualStudioVersion = 10.0.40219.1
Project("{FAE04EC0-301F-11D3-BF4B-00C04F79EFBC}") = "MVVMLoginRapiD", "MVVMLoginRapiD\MVVMLoginRapiD.csproj", "{F95C1359-F30A-46BA-89C9-88286BEE5AC3}"
EndProject
Global
	GlobalSection(SolutionConfigurationPlatforms) = preSolution
		Debug|Any CPU = Debug|Any CPU
		Release|Any CPU = Release|Any CPU
	EndGlobalSection
	GlobalSection(ProjectConfigurationPlatforms) = postSolution
		{F95C1359-F30A-46BA-89C9-88286BEE5AC3}.Debug|Any CPU.ActiveCfg = Debug|Any CPU
		{F95C1359-F30A-46BA-89C9-88286BEE5AC3}.Debug|Any CPU.Build.0 = Debug|Any CPU
		{F95C1359-F30A-46BA-89C9-88286BEE5AC3}.Release|Any CPU.ActiveCfg = Release|Any CPU
		{F95C1359-F30A-46BA-89C9-88286BEE5AC3}.Release|Any CPU.Build.0 = Release|Any CPU
	EndGlobalSection
	GlobalSection(SolutionProperties) = preSolution
		HideSolutionNode = FALSE
	EndGlobalSection
	GlobalSection(ExtensibilityGlobals) = postSolution
		SolutionGuid = {9E4177B5-7767-4861-8C4A-812A772BCCAF}
	EndGlobalSection
EndGlobal
